// !$*UTF8*$!
{
	archiveVersion = 1;
	classes = {
	};
	objectVersion = 46;
	objects = {

/* Begin PBXBuildFile section */
		7EFC89081A8ABCCD00B8B317 /* main.m in Sources */ = {isa = PBXBuildFile; fileRef = 7EFC89071A8ABCCD00B8B317 /* main.m */; };
		7EFC890B1A8ABCCD00B8B317 /* AppDelegate.m in Sources */ = {isa = PBXBuildFile; fileRef = 7EFC890A1A8ABCCD00B8B317 /* AppDelegate.m */; };
		7EFC890E1A8ABCCD00B8B317 /* ViewController.m in Sources */ = {isa = PBXBuildFile; fileRef = 7EFC890D1A8ABCCD00B8B317 /* ViewController.m */; };
		7EFC89111A8ABCCD00B8B317 /* Main.storyboard in Resources */ = {isa = PBXBuildFile; fileRef = 7EFC890F1A8ABCCD00B8B317 /* Main.storyboard */; };
		7EFC89131A8ABCCD00B8B317 /* Images.xcassets in Resources */ = {isa = PBXBuildFile; fileRef = 7EFC89121A8ABCCD00B8B317 /* Images.xcassets */; };
		7EFC89161A8ABCCD00B8B317 /* LaunchScreen.xib in Resources */ = {isa = PBXBuildFile; fileRef = 7EFC89141A8ABCCD00B8B317 /* LaunchScreen.xib */; };
		7EFC89221A8ABCCE00B8B317 /* BlogReaderTests.m in Sources */ = {isa = PBXBuildFile; fileRef = 7EFC89211A8ABCCE00B8B317 /* BlogReaderTests.m */; };
/* End PBXBuildFile section */

/* Begin PBXContainerItemProxy section */
		7EFC891C1A8ABCCE00B8B317 /* PBXContainerItemProxy */ = {
			isa = PBXContainerItemProxy;
			containerPortal = 7EFC88FA1A8ABCCD00B8B317 /* Project object */;
			proxyType = 1;
			remoteGlobalIDString = 7EFC89011A8ABCCD00B8B317;
			remoteInfo = BlogReader;
		};
/* End PBXContainerItemProxy section */

/* Begin PBXFileReference section */
		7EFC89021A8ABCCD00B8B317 /* BlogReader.app */ = {isa = PBXFileReference; explicitFileType = wrapper.application; includeInIndex = 0; path = BlogReader.app; sourceTree = BUILT_PRODUCTS_DIR; };
		7EFC89061A8ABCCD00B8B317 /* Info.plist */ = {isa = PBXFileReference; lastKnownFileType = text.plist.xml; path = Info.plist; sourceTree = "<group>"; };
		7EFC89071A8ABCCD00B8B317 /* main.m */ = {isa = PBXFileReference; lastKnownFileType = sourcecode.c.objc; path = main.m; sourceTree = "<group>"; };
		7EFC89091A8ABCCD00B8B317 /* AppDelegate.h */ = {isa = PBXFileReference; lastKnownFileType = sourcecode.c.h; path = AppDelegate.h; sourceTree = "<group>"; };
		7EFC890A1A8ABCCD00B8B317 /* AppDelegate.m */ = {isa = PBXFileReference; lastKnownFileType = sourcecode.c.objc; path = AppDelegate.m; sourceTree = "<group>"; };
		7EFC890C1A8ABCCD00B8B317 /* ViewController.h */ = {isa = PBXFileReference; lastKnownFileType = sourcecode.c.h; path = ViewController.h; sourceTree = "<group>"; };
		7EFC890D1A8ABCCD00B8B317 /* ViewController.m */ = {isa = PBXFileReference; lastKnownFileType = sourcecode.c.objc; path = ViewController.m; sourceTree = "<group>"; };
		7EFC89101A8ABCCD00B8B317 /* Base */ = {isa = PBXFileReference; lastKnownFileType = file.storyboard; name = Base; path = Base.lproj/Main.storyboard; sourceTree = "<group>"; };
		7EFC89121A8ABCCD00B8B317 /* Images.xcassets */ = {isa = PBXFileReference; lastKnownFileType = folder.assetcatalog; path = Images.xcassets; sourceTree = "<group>"; };
		7EFC89151A8ABCCD00B8B317 /* Base */ = {isa = PBXFileReference; lastKnownFileType = file.xib; name = Base; path = Base.lproj/LaunchScreen.xib; sourceTree = "<group>"; };
		7EFC891B1A8ABCCE00B8B317 /* BlogReaderTests.xctest */ = {isa = PBXFileReference; explicitFileType = wrapper.cfbundle; includeInIndex = 0; path = BlogReaderTests.xctest; sourceTree = BUILT_PRODUCTS_DIR; };
		7EFC89201A8ABCCE00B8B317 /* Info.plist */ = {isa = PBXFileReference; lastKnownFileType = text.plist.xml; path = Info.plist; sourceTree = "<group>"; };
		7EFC89211A8ABCCE00B8B317 /* BlogReaderTests.m */ = {isa = PBXFileReference; lastKnownFileType = sourcecode.c.objc; path = BlogReaderTests.m; sourceTree = "<group>"; };
/* End PBXFileReference section */

/* Begin PBXFrameworksBuildPhase section */
		7EFC88FF1A8ABCCD00B8B317 /* Frameworks */ = {
			isa = PBXFrameworksBuildPhase;
			buildActionMask = 2147483647;
			files = (
			);
			runOnlyForDeploymentPostprocessing = 0;
		};
		7EFC89181A8ABCCE00B8B317 /* Frameworks */ = {
			isa = PBXFrameworksBuildPhase;
			buildActionMask = 2147483647;
			files = (
			);
			runOnlyForDeploymentPostprocessing = 0;
		};
/* End PBXFrameworksBuildPhase section */

/* Begin PBXGroup section */
		7EFC88F91A8ABCCD00B8B317 = {
			isa = PBXGroup;
			children = (
				7EFC89041A8ABCCD00B8B317 /* BlogReader */,
				7EFC891E1A8ABCCE00B8B317 /* BlogReaderTests */,
				7EFC89031A8ABCCD00B8B317 /* Products */,
			);
			sourceTree = "<group>";
		};
		7EFC89031A8ABCCD00B8B317 /* Products */ = {
			isa = PBXGroup;
			children = (
				7EFC89021A8ABCCD00B8B317 /* BlogReader.app */,
				7EFC891B1A8ABCCE00B8B317 /* BlogReaderTests.xctest */,
			);
			name = Products;
			sourceTree = "<group>";
		};
		7EFC89041A8ABCCD00B8B317 /* BlogReader */ = {
			isa = PBXGroup;
			children = (
				7EFC89091A8ABCCD00B8B317 /* AppDelegate.h */,
				7EFC890A1A8ABCCD00B8B317 /* AppDelegate.m */,
				7EFC890C1A8ABCCD00B8B317 /* ViewController.h */,
				7EFC890D1A8ABCCD00B8B317 /* ViewController.m */,
				7EFC890F1A8ABCCD00B8B317 /* Main.storyboard */,
				7EFC89121A8ABCCD00B8B317 /* Images.xcassets */,
				7EFC89141A8ABCCD00B8B317 /* LaunchScreen.xib */,
				7EFC89051A8ABCCD00B8B317 /* Supporting Files */,
			);
			path = BlogReader;
			sourceTree = "<group>";
		};
		7EFC89051A8ABCCD00B8B317 /* Supporting Files */ = {
			isa = PBXGroup;
			children = (
				7EFC89061A8ABCCD00B8B317 /* Info.plist */,
				7EFC89071A8ABCCD00B8B317 /* main.m */,
			);
			name = "Supporting Files";
			sourceTree = "<group>";
		};
		7EFC891E1A8ABCCE00B8B317 /* BlogReaderTests */ = {
			isa = PBXGroup;
			children = (
				7EFC89211A8ABCCE00B8B317 /* BlogReaderTests.m */,
				7EFC891F1A8ABCCE00B8B317 /* Supporting Files */,
			);
			path = BlogReaderTests;
			sourceTree = "<group>";
		};
		7EFC891F1A8ABCCE00B8B317 /* Supporting Files */ = {
			isa = PBXGroup;
			children = (
				7EFC89201A8ABCCE00B8B317 /* Info.plist */,
			);
			name = "Supporting Files";
			sourceTree = "<group>";
		};
/* End PBXGroup section */

/* Begin PBXNativeTarget section */
		7EFC89011A8ABCCD00B8B317 /* BlogReader */ = {
			isa = PBXNativeTarget;
			buildConfigurationList = 7EFC89251A8ABCCE00B8B317 /* Build configuration list for PBXNativeTarget "BlogReader" */;
			buildPhases = (
				7EFC88FE1A8ABCCD00B8B317 /* Sources */,
				7EFC88FF1A8ABCCD00B8B317 /* Frameworks */,
				7EFC89001A8ABCCD00B8B317 /* Resources */,
			);
			buildRules = (
			);
			dependencies = (
			);
			name = BlogReader;
			productName = BlogReader;
			productReference = 7EFC89021A8ABCCD00B8B317 /* BlogReader.app */;
			productType = "com.apple.product-type.application";
		};
		7EFC891A1A8ABCCE00B8B317 /* BlogReaderTests */ = {
			isa = PBXNativeTarget;
			buildConfigurationList = 7EFC89281A8ABCCE00B8B317 /* Build configuration list for PBXNativeTarget "BlogReaderTests" */;
			buildPhases = (
				7EFC89171A8ABCCE00B8B317 /* Sources */,
				7EFC89181A8ABCCE00B8B317 /* Frameworks */,
				7EFC89191A8ABCCE00B8B317 /* Resources */,
			);
			buildRules = (
			);
			dependencies = (
				7EFC891D1A8ABCCE00B8B317 /* PBXTargetDependency */,
			);
			name = BlogReaderTests;
			productName = BlogReaderTests;
			productReference = 7EFC891B1A8ABCCE00B8B317 /* BlogReaderTests.xctest */;
			productType = "com.apple.product-type.bundle.unit-test";
		};
/* End PBXNativeTarget section */

/* Begin PBXProject section */
		7EFC88FA1A8ABCCD00B8B317 /* Project object */ = {
			isa = PBXProject;
			attributes = {
				LastUpgradeCheck = 0610;
				ORGANIZATIONNAME = Jencks;
				TargetAttributes = {
					7EFC89011A8ABCCD00B8B317 = {
						CreatedOnToolsVersion = 6.1.1;
					};
					7EFC891A1A8ABCCE00B8B317 = {
						CreatedOnToolsVersion = 6.1.1;
						TestTargetID = 7EFC89011A8ABCCD00B8B317;
					};
				};
			};
			buildConfigurationList = 7EFC88FD1A8ABCCD00B8B317 /* Build configuration list for PBXProject "BlogReader" */;
			compatibilityVersion = "Xcode 3.2";
			developmentRegion = English;
			hasScannedForEncodings = 0;
			knownRegions = (
				en,
				Base,
			);
			mainGroup = 7EFC88F91A8ABCCD00B8B317;
			productRefGroup = 7EFC89031A8ABCCD00B8B317 /* Products */;
			projectDirPath = "";
			projectRoot = "";
			targets = (
				7EFC89011A8ABCCD00B8B317 /* BlogReader */,
				7EFC891A1A8ABCCE00B8B317 /* BlogReaderTests */,
			);
		};
/* End PBXProject section */

/* Begin PBXResourcesBuildPhase section */
		7EFC89001A8ABCCD00B8B317 /* Resources */ = {
			isa = PBXResourcesBuildPhase;
			buildActionMask = 2147483647;
			files = (
				7EFC89111A8ABCCD00B8B317 /* Main.storyboard in Resources */,
				7EFC89161A8ABCCD00B8B317 /* LaunchScreen.xib in Resources */,
				7EFC89131A8ABCCD00B8B317 /* Images.xcassets in Resources */,
			);
			runOnlyForDeploymentPostprocessing = 0;
		};
		7EFC89191A8ABCCE00B8B317 /* Resources */ = {
			isa = PBXResourcesBuildPhase;
			buildActionMask = 2147483647;
			files = (
			);
			runOnlyForDeploymentPostprocessing = 0;
		};
/* End PBXResourcesBuildPhase section */

/* Begin PBXSourcesBuildPhase section */
		7EFC88FE1A8ABCCD00B8B317 /* Sources */ = {
			isa = PBXSourcesBuildPhase;
			buildActionMask = 2147483647;
			files = (
				7EFC890E1A8ABCCD00B8B317 /* ViewController.m in Sources */,
				7EFC890B1A8ABCCD00B8B317 /* AppDelegate.m in Sources */,
				7EFC89081A8ABCCD00B8B317 /* main.m in Sources */,
			);
			runOnlyForDeploymentPostprocessing = 0;
		};
		7EFC89171A8ABCCE00B8B317 /* Sources */ = {
			isa = PBXSourcesBuildPhase;
			buildActionMask = 2147483647;
			files = (
				7EFC89221A8ABCCE00B8B317 /* BlogReaderTests.m in Sources */,
			);
			runOnlyForDeploymentPostprocessing = 0;
		};
/* End PBXSourcesBuildPhase section */

/* Begin PBXTargetDependency section */
		7EFC891D1A8ABCCE00B8B317 /* PBXTargetDependency */ = {
			isa = PBXTargetDependency;
			target = 7EFC89011A8ABCCD00B8B317 /* BlogReader */;
			targetProxy = 7EFC891C1A8ABCCE00B8B317 /* PBXContainerItemProxy */;
		};
/* End PBXTargetDependency section */

/* Begin PBXVariantGroup section */
		7EFC890F1A8ABCCD00B8B317 /* Main.storyboard */ = {
			isa = PBXVariantGroup;
			children = (
				7EFC89101A8ABCCD00B8B317 /* Base */,
			);
			name = Main.storyboard;
			sourceTree = "<group>";
		};
		7EFC89141A8ABCCD00B8B317 /* LaunchScreen.xib */ = {
			isa = PBXVariantGroup;
			children = (
				7EFC89151A8ABCCD00B8B317 /* Base */,
			);
			name = LaunchScreen.xib;
			sourceTree = "<group>";
		};
/* End PBXVariantGroup section */

/* Begin XCBuildConfiguration section */
		7EFC89231A8ABCCE00B8B317 /* Debug */ = {
			isa = XCBuildConfiguration;
			buildSettings = {
				ALWAYS_SEARCH_USER_PATHS = NO;
				CLANG_CXX_LANGUAGE_STANDARD = "gnu++0x";
				CLANG_CXX_LIBRARY = "libc++";
				CLANG_ENABLE_MODULES = YES;
				CLANG_ENABLE_OBJC_ARC = YES;
				CLANG_WARN_BOOL_CONVERSION = YES;
				CLANG_WARN_CONSTANT_CONVERSION = YES;
				CLANG_WARN_DIRECT_OBJC_ISA_USAGE = YES_ERROR;
				CLANG_WARN_EMPTY_BODY = YES;
				CLANG_WARN_ENUM_CONVERSION = YES;
				CLANG_WARN_INT_CONVERSION = YES;
				CLANG_WARN_OBJC_ROOT_CLASS = YES_ERROR;
				CLANG_WARN_UNREACHABLE_CODE = YES;
				CLANG_WARN__DUPLICATE_METHOD_MATCH = YES;
				"CODE_SIGN_IDENTITY[sdk=iphoneos*]" = "iPhone Developer";
				COPY_PHASE_STRIP = NO;
				ENABLE_STRICT_OBJC_MSGSEND = YES;
				GCC_C_LANGUAGE_STANDARD = gnu99;
				GCC_DYNAMIC_NO_PIC = NO;
				GCC_OPTIMIZATION_LEVEL = 0;
				GCC_PREPROCESSOR_DEFINITIONS = (
					"DEBUG=1",
					"$(inherited)",
				);
				GCC_SYMBOLS_PRIVATE_EXTERN = NO;
				GCC_WARN_64_TO_32_BIT_CONVERSION = YES;
				GCC_WARN_ABOUT_RETURN_TYPE = YES_ERROR;
				GCC_WARN_UNDECLARED_SELECTOR = YES;
				GCC_WARN_UNINITIALIZED_AUTOS = YES_AGGRESSIVE;
				GCC_WARN_UNUSED_FUNCTION = YES;
				GCC_WARN_UNUSED_VARIABLE = YES;
				IPHONEOS_DEPLOYMENT_TARGET = 8.1;
				MTL_ENABLE_DEBUG_INFO = YES;
				ONLY_ACTIVE_ARCH = YES;
				SDKROOT = iphoneos;
			};
			name = Debug;
		};
		7EFC89241A8ABCCE00B8B317 /* Release */ = {
			isa = XCBuildConfiguration;
			buildSettings = {
				ALWAYS_SEARCH_USER_PATHS = NO;
				CLANG_CXX_LANGUAGE_STANDARD = "gnu++0x";
				CLANG_CXX_LIBRARY = "libc++";
				CLANG_ENABLE_MODULES = YES;
				CLANG_ENABLE_OBJC_ARC = YES;
				CLANG_WARN_BOOL_CONVERSION = YES;
				CLANG_WARN_CONSTANT_CONVERSION = YES;
				CLANG_WARN_DIRECT_OBJC_ISA_USAGE = YES_ERROR;
				CLANG_WARN_EMPTY_BODY = YES;
				CLANG_WARN_ENUM_CONVERSION = YES;
				CLANG_WARN_INT_CONVERSION = YES;
				CLANG_WARN_OBJC_ROOT_CLASS = YES_ERROR;
				CLANG_WARN_UNREACHABLE_CODE = YES;
				CLANG_WARN__DUPLICATE_METHOD_MATCH = YES;
				"CODE_SIGN_IDENTITY[sdk=iphoneos*]" = "iPhone Developer";
				COPY_PHASE_STRIP = YES;
				ENABLE_NS_ASSERTIONS = NO;
				ENABLE_STRICT_OBJC_MSGSEND = YES;
				GCC_C_LANGUAGE_STANDARD = gnu99;
				GCC_WARN_64_TO_32_BIT_CONVERSION = YES;
				GCC_WARN_ABOUT_RETURN_TYPE = YES_ERROR;
				GCC_WARN_UNDECLARED_SELECTOR = YES;
				GCC_WARN_UNINITIALIZED_AUTOS = YES_AGGRESSIVE;
				GCC_WARN_UNUSED_FUNCTION = YES;
				GCC_WARN_UNUSED_VARIABLE = YES;
				IPHONEOS_DEPLOYMENT_TARGET = 8.1;
				MTL_ENABLE_DEBUG_INFO = NO;
				SDKROOT = iphoneos;
				VALIDATE_PRODUCT = YES;
			};
			name = Release;
		};
		7EFC89261A8ABCCE00B8B317 /* Debug */ = {
			isa = XCBuildConfiguration;
			buildSettings = {
				ASSETCATALOG_COMPILER_APPICON_NAME = AppIcon;
				INFOPLIST_FILE = BlogReader/Info.plist;
				LD_RUNPATH_SEARCH_PATHS = "$(inherited) @executable_path/Frameworks";
				PRODUCT_NAME = "$(TARGET_NAME)";
			};
			name = Debug;
		};
		7EFC89271A8ABCCE00B8B317 /* Release */ = {
			isa = XCBuildConfiguration;
			buildSettings = {
				ASSETCATALOG_COMPILER_APPICON_NAME = AppIcon;
				INFOPLIST_FILE = BlogReader/Info.plist;
				LD_RUNPATH_SEARCH_PATHS = "$(inherited) @executable_path/Frameworks";
				PRODUCT_NAME = "$(TARGET_NAME)";
			};
			name = Release;
		};
		7EFC89291A8ABCCE00B8B317 /* Debug */ = {
			isa = XCBuildConfiguration;
			buildSettings = {
				BUNDLE_LOADER = "$(TEST_HOST)";
				FRAMEWORK_SEARCH_PATHS = (
					"$(SDKROOT)/Developer/Library/Frameworks",
					"$(inherited)",
				);
				GCC_PREPROCESSOR_DEFINITIONS = (
					"DEBUG=1",
					"$(inherited)",
				);
				INFOPLIST_FILE = BlogReaderTests/Info.plist;
				LD_RUNPATH_SEARCH_PATHS = "$(inherited) @executable_path/Frameworks @loader_path/Frameworks";
				PRODUCT_NAME = "$(TARGET_NAME)";
				TEST_HOST = "$(BUILT_PRODUCTS_DIR)/BlogReader.app/BlogReader";
			};
			name = Debug;
		};
		7EFC892A1A8ABCCE00B8B317 /* Release */ = {
			isa = XCBuildConfiguration;
			buildSettings = {
				BUNDLE_LOADER = "$(TEST_HOST)";
				FRAMEWORK_SEARCH_PATHS = (
					"$(SDKROOT)/Developer/Library/Frameworks",
					"$(inherited)",
				);
				INFOPLIST_FILE = BlogReaderTests/Info.plist;
				LD_RUNPATH_SEARCH_PATHS = "$(inherited) @executable_path/Frameworks @loader_path/Frameworks";
				PRODUCT_NAME = "$(TARGET_NAME)";
				TEST_HOST = "$(BUILT_PRODUCTS_DIR)/BlogReader.app/BlogReader";
			};
			name = Release;
		};
/* End XCBuildConfiguration section */

/* Begin XCConfigurationList section */
		7EFC88FD1A8ABCCD00B8B317 /* Build configuration list for PBXProject "BlogReader" */ = {
			isa = XCConfigurationList;
			buildConfigurations = (
				7EFC89231A8ABCCE00B8B317 /* Debug */,
				7EFC89241A8ABCCE00B8B317 /* Release */,
			);
			defaultConfigurationIsVisible = 0;
			defaultConfigurationName = Release;
		};
		7EFC89251A8ABCCE00B8B317 /* Build configuration list for PBXNativeTarget "BlogReader" */ = {
			isa = XCConfigurationList;
			buildConfigurations = (
				7EFC89261A8ABCCE00B8B317 /* Debug */,
				7EFC89271A8ABCCE00B8B317 /* Release */,
			);
			defaultConfigurationIsVisible = 0;
		};
		7EFC89281A8ABCCE00B8B317 /* Build configuration list for PBXNativeTarget "BlogReaderTests" */ = {
			isa = XCConfigurationList;
			buildConfigurations = (
				7EFC89291A8ABCCE00B8B317 /* Debug */,
				7EFC892A1A8ABCCE00B8B317 /* Release */,
			);
			defaultConfigurationIsVisible = 0;
		};
/* End XCConfigurationList section */
	};
	rootObject = 7EFC88FA1A8ABCCD00B8B317 /* Project object */;
}
